
Microsoft Visual Studio Solution File, Format Version 12.00
# Visual Studio Version 17
VisualStudioVersion = 17.1.31911.260
MinimumVisualStudioVersion = 10.0.40219.1
Project("{9A19103F-16F7-4668-BE54-9A1E7A4F7556}") = "TensorFlowNET.Examples", "src\TensorFlowNET.Examples\TensorFlowNET.Examples.csproj", "{3AC62662-7861-4C21-A402-82864F2A8AF7}"
EndProject
Project("{9A19103F-16F7-4668-BE54-9A1E7A4F7556}") = "Tensorflow.Binding", "..\TensorFlow.NET\src\TensorFlowNET.Core\Tensorflow.Binding.csproj", "{35751655-51B1-4D43-BD89-AAA281CBE783}"
EndProject
Project("{9A19103F-16F7-4668-BE54-9A1E7A4F7556}") = "Tensorflow.Keras", "..\TensorFlow.NET\src\TensorFlowNET.Keras\Tensorflow.Keras.csproj", "{C5C3F077-2E14-444D-88B0-A9844CD3146C}"
EndProject
Project("{9A19103F-16F7-4668-BE54-9A1E7A4F7556}") = "SciSharp.Models.Core", "..\SciSharp.Models\SciSharp.Models.Core\SciSharp.Models.Core.csproj", "{878E8244-5E26-47FF-8C76-6D92CA064704}"
EndProject
Project("{9A19103F-16F7-4668-BE54-9A1E7A4F7556}") = "SciSharp.Models.ObjectDetection", "..\SciSharp.Models\SciSharp.Models.ObjectDetection\SciSharp.Models.ObjectDetection.csproj", "{7B659F36-F0EB-43B1-B021-A46679EF71F8}"
EndProject
Project("{9A19103F-16F7-4668-BE54-9A1E7A4F7556}") = "SciSharp.Models.ImageClassification", "..\SciSharp.Models\SciSharp.Models.ImageClassification\SciSharp.Models.ImageClassification.csproj", "{E4D4AB9A-89FE-4B78-8A46-8C3545400B73}"
EndProject
Project("{9A19103F-16F7-4668-BE54-9A1E7A4F7556}") = "SciSharp.Models.TimeSeries", "..\SciSharp.Models\SciSharp.Models.TimeSeries\SciSharp.Models.TimeSeries.csproj", "{97FF9BBD-3561-41D5-92D4-2DA77F2C63A3}"
EndProject
Project("{9A19103F-16F7-4668-BE54-9A1E7A4F7556}") = "Pandas.NET", "..\Pandas.NET\src\Pandas.NET\Pandas.NET.csproj", "{829B2B37-11D0-4E5C-ABD6-B0BF13FCAA17}"
EndProject
Project("{9A19103F-16F7-4668-BE54-9A1E7A4F7556}") = "SharpCV", "..\SharpCV\src\SharpCV\SharpCV.csproj", "{3FD7E6C8-6D10-438F-81AE-2458F64BBD99}"
EndProject
Global
	GlobalSection(SolutionConfigurationPlatforms) = preSolution
		Debug|Any CPU = Debug|Any CPU
		Debug|x64 = Debug|x64
		Debug|x86 = Debug|x86
		GPU|Any CPU = GPU|Any CPU
		GPU|x64 = GPU|x64
		GPU|x86 = GPU|x86
		Release|Any CPU = Release|Any CPU
		Release|x64 = Release|x64
		Release|x86 = Release|x86
	EndGlobalSection
	GlobalSection(ProjectConfigurationPlatforms) = postSolution
		{3AC62662-7861-4C21-A402-82864F2A8AF7}.Debug|Any CPU.ActiveCfg = Debug|Any CPU
		{3AC62662-7861-4C21-A402-82864F2A8AF7}.Debug|Any CPU.Build.0 = Debug|Any CPU
		{3AC62662-7861-4C21-A402-82864F2A8AF7}.Debug|x64.ActiveCfg = Debug|Any CPU
		{3AC62662-7861-4C21-A402-82864F2A8AF7}.Debug|x64.Build.0 = Debug|Any CPU
		{3AC62662-7861-4C21-A402-82864F2A8AF7}.Debug|x86.ActiveCfg = Debug|Any CPU
		{3AC62662-7861-4C21-A402-82864F2A8AF7}.Debug|x86.Build.0 = Debug|Any CPU
		{3AC62662-7861-4C21-A402-82864F2A8AF7}.GPU|Any CPU.ActiveCfg = GPU|Any CPU
		{3AC62662-7861-4C21-A402-82864F2A8AF7}.GPU|Any CPU.Build.0 = GPU|Any CPU
		{3AC62662-7861-4C21-A402-82864F2A8AF7}.GPU|x64.ActiveCfg = GPU|Any CPU
		{3AC62662-7861-4C21-A402-82864F2A8AF7}.GPU|x64.Build.0 = GPU|Any CPU
		{3AC62662-7861-4C21-A402-82864F2A8AF7}.GPU|x86.ActiveCfg = GPU|Any CPU
		{3AC62662-7861-4C21-A402-82864F2A8AF7}.GPU|x86.Build.0 = GPU|Any CPU
		{3AC62662-7861-4C21-A402-82864F2A8AF7}.Release|Any CPU.ActiveCfg = Release|Any CPU
		{3AC62662-7861-4C21-A402-82864F2A8AF7}.Release|Any CPU.Build.0 = Release|Any CPU
		{3AC62662-7861-4C21-A402-82864F2A8AF7}.Release|x64.ActiveCfg = Release|Any CPU
		{3AC62662-7861-4C21-A402-82864F2A8AF7}.Release|x64.Build.0 = Release|Any CPU
		{3AC62662-7861-4C21-A402-82864F2A8AF7}.Release|x86.ActiveCfg = Release|Any CPU
		{3AC62662-7861-4C21-A402-82864F2A8AF7}.Release|x86.Build.0 = Release|Any CPU
		{35751655-51B1-4D43-BD89-AAA281CBE783}.Debug|Any CPU.ActiveCfg = Debug|Any CPU
		{35751655-51B1-4D43-BD89-AAA281CBE783}.Debug|Any CPU.Build.0 = Debug|Any CPU
		{35751655-51B1-4D43-BD89-AAA281CBE783}.Debug|x64.ActiveCfg = Debug|x64
		{35751655-51B1-4D43-BD89-AAA281CBE783}.Debug|x64.Build.0 = Debug|x64
		{35751655-51B1-4D43-BD89-AAA281CBE783}.Debug|x86.ActiveCfg = Debug|Any CPU
		{35751655-51B1-4D43-BD89-AAA281CBE783}.Debug|x86.Build.0 = Debug|Any CPU
		{35751655-51B1-4D43-BD89-AAA281CBE783}.GPU|Any CPU.ActiveCfg = GPU|Any CPU
		{35751655-51B1-4D43-BD89-AAA281CBE783}.GPU|Any CPU.Build.0 = GPU|Any CPU
		{35751655-51B1-4D43-BD89-AAA281CBE783}.GPU|x64.ActiveCfg = GPU|x64
		{35751655-51B1-4D43-BD89-AAA281CBE783}.GPU|x64.Build.0 = GPU|x64
		{35751655-51B1-4D43-BD89-AAA281CBE783}.GPU|x86.ActiveCfg = GPU|Any CPU
		{35751655-51B1-4D43-BD89-AAA281CBE783}.GPU|x86.Build.0 = GPU|Any CPU
		{35751655-51B1-4D43-BD89-AAA281CBE783}.Release|Any CPU.ActiveCfg = Release|Any CPU
		{35751655-51B1-4D43-BD89-AAA281CBE783}.Release|Any CPU.Build.0 = Release|Any CPU
		{35751655-51B1-4D43-BD89-AAA281CBE783}.Release|x64.ActiveCfg = Release|x64
		{35751655-51B1-4D43-BD89-AAA281CBE783}.Release|x64.Build.0 = Release|x64
		{35751655-51B1-4D43-BD89-AAA281CBE783}.Release|x86.ActiveCfg = Release|Any CPU
		{35751655-51B1-4D43-BD89-AAA281CBE783}.Release|x86.Build.0 = Release|Any CPU
		{C5C3F077-2E14-444D-88B0-A9844CD3146C}.Debug|Any CPU.ActiveCfg = Debug|Any CPU
		{C5C3F077-2E14-444D-88B0-A9844CD3146C}.Debug|Any CPU.Build.0 = Debug|Any CPU
		{C5C3F077-2E14-444D-88B0-A9844CD3146C}.Debug|x64.ActiveCfg = Debug|x64
		{C5C3F077-2E14-444D-88B0-A9844CD3146C}.Debug|x64.Build.0 = Debug|x64
		{C5C3F077-2E14-444D-88B0-A9844CD3146C}.Debug|x86.ActiveCfg = Debug|Any CPU
		{C5C3F077-2E14-444D-88B0-A9844CD3146C}.Debug|x86.Build.0 = Debug|Any CPU
		{C5C3F077-2E14-444D-88B0-A9844CD3146C}.GPU|Any CPU.ActiveCfg = GPU|Any CPU
		{C5C3F077-2E14-444D-88B0-A9844CD3146C}.GPU|Any CPU.Build.0 = GPU|Any CPU
		{C5C3F077-2E14-444D-88B0-A9844CD3146C}.GPU|x64.ActiveCfg = GPU|x64
		{C5C3F077-2E14-444D-88B0-A9844CD3146C}.GPU|x64.Build.0 = GPU|x64
		{C5C3F077-2E14-444D-88B0-A9844CD3146C}.GPU|x86.ActiveCfg = GPU|Any CPU
		{C5C3F077-2E14-444D-88B0-A9844CD3146C}.GPU|x86.Build.0 = GPU|Any CPU
		{C5C3F077-2E14-444D-88B0-A9844CD3146C}.Release|Any CPU.ActiveCfg = Release|Any CPU
		{C5C3F077-2E14-444D-88B0-A9844CD3146C}.Release|Any CPU.Build.0 = Release|Any CPU
		{C5C3F077-2E14-444D-88B0-A9844CD3146C}.Release|x64.ActiveCfg = Release|x64
		{C5C3F077-2E14-444D-88B0-A9844CD3146C}.Release|x64.Build.0 = Release|x64
		{C5C3F077-2E14-444D-88B0-A9844CD3146C}.Release|x86.ActiveCfg = Release|Any CPU
		{C5C3F077-2E14-444D-88B0-A9844CD3146C}.Release|x86.Build.0 = Release|Any CPU
		{878E8244-5E26-47FF-8C76-6D92CA064704}.Debug|Any CPU.ActiveCfg = Debug|Any CPU
		{878E8244-5E26-47FF-8C76-6D92CA064704}.Debug|Any CPU.Build.0 = Debug|Any CPU
		{878E8244-5E26-47FF-8C76-6D92CA064704}.Debug|x64.ActiveCfg = Debug|Any CPU
		{878E8244-5E26-47FF-8C76-6D92CA064704}.Debug|x64.Build.0 = Debug|Any CPU
		{878E8244-5E26-47FF-8C76-6D92CA064704}.Debug|x86.ActiveCfg = Debug|Any CPU
		{878E8244-5E26-47FF-8C76-6D92CA064704}.Debug|x86.Build.0 = Debug|Any CPU
		{878E8244-5E26-47FF-8C76-6D92CA064704}.GPU|Any CPU.ActiveCfg = Debug|Any CPU
		{878E8244-5E26-47FF-8C76-6D92CA064704}.GPU|Any CPU.Build.0 = Debug|Any CPU
		{878E8244-5E26-47FF-8C76-6D92CA064704}.GPU|x64.ActiveCfg = Debug|Any CPU
		{878E8244-5E26-47FF-8C76-6D92CA064704}.GPU|x64.Build.0 = Debug|Any CPU
		{878E8244-5E26-47FF-8C76-6D92CA064704}.GPU|x86.ActiveCfg = Debug|Any CPU
		{878E8244-5E26-47FF-8C76-6D92CA064704}.GPU|x86.Build.0 = Debug|Any CPU
		{878E8244-5E26-47FF-8C76-6D92CA064704}.Release|Any CPU.ActiveCfg = Release|Any CPU
		{878E8244-5E26-47FF-8C76-6D92CA064704}.Release|Any CPU.Build.0 = Release|Any CPU
		{878E8244-5E26-47FF-8C76-6D92CA064704}.Release|x64.ActiveCfg = Release|Any CPU
		{878E8244-5E26-47FF-8C76-6D92CA064704}.Release|x64.Build.0 = Release|Any CPU
		{878E8244-5E26-47FF-8C76-6D92CA064704}.Release|x86.ActiveCfg = Release|Any CPU
		{878E8244-5E26-47FF-8C76-6D92CA064704}.Release|x86.Build.0 = Release|Any CPU
		{7B659F36-F0EB-43B1-B021-A46679EF71F8}.Debug|Any CPU.ActiveCfg = Debug|Any CPU
		{7B659F36-F0EB-43B1-B021-A46679EF71F8}.Debug|Any CPU.Build.0 = Debug|Any CPU
		{7B659F36-F0EB-43B1-B021-A46679EF71F8}.Debug|x64.ActiveCfg = Debug|Any CPU
		{7B659F36-F0EB-43B1-B021-A46679EF71F8}.Debug|x64.Build.0 = Debug|Any CPU
		{7B659F36-F0EB-43B1-B021-A46679EF71F8}.Debug|x86.ActiveCfg = Debug|Any CPU
		{7B659F36-F0EB-43B1-B021-A46679EF71F8}.Debug|x86.Build.0 = Debug|Any CPU
		{7B659F36-F0EB-43B1-B021-A46679EF71F8}.GPU|Any CPU.ActiveCfg = Debug|Any CPU
		{7B659F36-F0EB-43B1-B021-A46679EF71F8}.GPU|Any CPU.Build.0 = Debug|Any CPU
		{7B659F36-F0EB-43B1-B021-A46679EF71F8}.GPU|x64.ActiveCfg = Debug|Any CPU
		{7B659F36-F0EB-43B1-B021-A46679EF71F8}.GPU|x64.Build.0 = Debug|Any CPU
		{7B659F36-F0EB-43B1-B021-A46679EF71F8}.GPU|x86.ActiveCfg = Debug|Any CPU
		{7B659F36-F0EB-43B1-B021-A46679EF71F8}.GPU|x86.Build.0 = Debug|Any CPU
		{7B659F36-F0EB-43B1-B021-A46679EF71F8}.Release|Any CPU.ActiveCfg = Release|Any CPU
		{7B659F36-F0EB-43B1-B021-A46679EF71F8}.Release|Any CPU.Build.0 = Release|Any CPU
		{7B659F36-F0EB-43B1-B021-A46679EF71F8}.Release|x64.ActiveCfg = Release|Any CPU
		{7B659F36-F0EB-43B1-B021-A46679EF71F8}.Release|x64.Build.0 = Release|Any CPU
		{7B659F36-F0EB-43B1-B021-A46679EF71F8}.Release|x86.ActiveCfg = Release|Any CPU
		{7B659F36-F0EB-43B1-B021-A46679EF71F8}.Release|x86.Build.0 = Release|Any CPU
		{E4D4AB9A-89FE-4B78-8A46-8C3545400B73}.Debug|Any CPU.ActiveCfg = Debug|Any CPU
		{E4D4AB9A-89FE-4B78-8A46-8C3545400B73}.Debug|Any CPU.Build.0 = Debug|Any CPU
		{E4D4AB9A-89FE-4B78-8A46-8C3545400B73}.Debug|x64.ActiveCfg = Debug|Any CPU
		{E4D4AB9A-89FE-4B78-8A46-8C3545400B73}.Debug|x64.Build.0 = Debug|Any CPU
		{E4D4AB9A-89FE-4B78-8A46-8C3545400B73}.Debug|x86.ActiveCfg = Debug|Any CPU
		{E4D4AB9A-89FE-4B78-8A46-8C3545400B73}.Debug|x86.Build.0 = Debug|Any CPU
		{E4D4AB9A-89FE-4B78-8A46-8C3545400B73}.GPU|Any CPU.ActiveCfg = Debug|Any CPU
		{E4D4AB9A-89FE-4B78-8A46-8C3545400B73}.GPU|Any CPU.Build.0 = Debug|Any CPU
		{E4D4AB9A-89FE-4B78-8A46-8C3545400B73}.GPU|x64.ActiveCfg = Debug|Any CPU
		{E4D4AB9A-89FE-4B78-8A46-8C3545400B73}.GPU|x64.Build.0 = Debug|Any CPU
		{E4D4AB9A-89FE-4B78-8A46-8C3545400B73}.GPU|x86.ActiveCfg = Debug|Any CPU
		{E4D4AB9A-89FE-4B78-8A46-8C3545400B73}.GPU|x86.Build.0 = Debug|Any CPU
		{E4D4AB9A-89FE-4B78-8A46-8C3545400B73}.Release|Any CPU.ActiveCfg = Release|Any CPU
		{E4D4AB9A-89FE-4B78-8A46-8C3545400B73}.Release|Any CPU.Build.0 = Release|Any CPU
		{E4D4AB9A-89FE-4B78-8A46-8C3545400B73}.Release|x64.ActiveCfg = Release|Any CPU
		{E4D4AB9A-89FE-4B78-8A46-8C3545400B73}.Release|x64.Build.0 = Release|Any CPU
		{E4D4AB9A-89FE-4B78-8A46-8C3545400B73}.Release|x86.ActiveCfg = Release|Any CPU
		{E4D4AB9A-89FE-4B78-8A46-8C3545400B73}.Release|x86.Build.0 = Release|Any CPU
		{97FF9BBD-3561-41D5-92D4-2DA77F2C63A3}.Debug|Any CPU.ActiveCfg = Debug|Any CPU
		{97FF9BBD-3561-41D5-92D4-2DA77F2C63A3}.Debug|Any CPU.Build.0 = Debug|Any CPU
		{97FF9BBD-3561-41D5-92D4-2DA77F2C63A3}.Debug|x64.ActiveCfg = Debug|Any CPU
		{97FF9BBD-3561-41D5-92D4-2DA77F2C63A3}.Debug|x64.Build.0 = Debug|Any CPU
		{97FF9BBD-3561-41D5-92D4-2DA77F2C63A3}.Debug|x86.ActiveCfg = Debug|Any CPU
		{97FF9BBD-3561-41D5-92D4-2DA77F2C63A3}.Debug|x86.Build.0 = Debug|Any CPU
		{97FF9BBD-3561-41D5-92D4-2DA77F2C63A3}.GPU|Any CPU.ActiveCfg = Debug|Any CPU
		{97FF9BBD-3561-41D5-92D4-2DA77F2C63A3}.GPU|Any CPU.Build.0 = Debug|Any CPU
		{97FF9BBD-3561-41D5-92D4-2DA77F2C63A3}.GPU|x64.ActiveCfg = Debug|Any CPU
		{97FF9BBD-3561-41D5-92D4-2DA77F2C63A3}.GPU|x64.Build.0 = Debug|Any CPU
		{97FF9BBD-3561-41D5-92D4-2DA77F2C63A3}.GPU|x86.ActiveCfg = Debug|Any CPU
		{97FF9BBD-3561-41D5-92D4-2DA77F2C63A3}.GPU|x86.Build.0 = Debug|Any CPU
		{97FF9BBD-3561-41D5-92D4-2DA77F2C63A3}.Release|Any CPU.ActiveCfg = Release|Any CPU
		{97FF9BBD-3561-41D5-92D4-2DA77F2C63A3}.Release|Any CPU.Build.0 = Release|Any CPU
		{97FF9BBD-3561-41D5-92D4-2DA77F2C63A3}.Release|x64.ActiveCfg = Release|Any CPU
		{97FF9BBD-3561-41D5-92D4-2DA77F2C63A3}.Release|x64.Build.0 = Release|Any CPU
		{97FF9BBD-3561-41D5-92D4-2DA77F2C63A3}.Release|x86.ActiveCfg = Release|Any CPU
		{97FF9BBD-3561-41D5-92D4-2DA77F2C63A3}.Release|x86.Build.0 = Release|Any CPU
		{829B2B37-11D0-4E5C-ABD6-B0BF13FCAA17}.Debug|Any CPU.ActiveCfg = Debug|Any CPU
		{829B2B37-11D0-4E5C-ABD6-B0BF13FCAA17}.Debug|Any CPU.Build.0 = Debug|Any CPU
		{829B2B37-11D0-4E5C-ABD6-B0BF13FCAA17}.Debug|x64.ActiveCfg = Debug|Any CPU
		{829B2B37-11D0-4E5C-ABD6-B0BF13FCAA17}.Debug|x64.Build.0 = Debug|Any CPU
		{829B2B37-11D0-4E5C-ABD6-B0BF13FCAA17}.Debug|x86.ActiveCfg = Debug|Any CPU
		{829B2B37-11D0-4E5C-ABD6-B0BF13FCAA17}.Debug|x86.Build.0 = Debug|Any CPU
		{829B2B37-11D0-4E5C-ABD6-B0BF13FCAA17}.GPU|Any CPU.ActiveCfg = Debug|Any CPU
		{829B2B37-11D0-4E5C-ABD6-B0BF13FCAA17}.GPU|Any CPU.Build.0 = Debug|Any CPU
		{829B2B37-11D0-4E5C-ABD6-B0BF13FCAA17}.GPU|x64.ActiveCfg = Debug|Any CPU
		{829B2B37-11D0-4E5C-ABD6-B0BF13FCAA17}.GPU|x64.Build.0 = Debug|Any CPU
		{829B2B37-11D0-4E5C-ABD6-B0BF13FCAA17}.GPU|x86.ActiveCfg = Debug|Any CPU
		{829B2B37-11D0-4E5C-ABD6-B0BF13FCAA17}.GPU|x86.Build.0 = Debug|Any CPU
		{829B2B37-11D0-4E5C-ABD6-B0BF13FCAA17}.Release|Any CPU.ActiveCfg = Release|Any CPU
		{829B2B37-11D0-4E5C-ABD6-B0BF13FCAA17}.Release|Any CPU.Build.0 = Release|Any CPU
		{829B2B37-11D0-4E5C-ABD6-B0BF13FCAA17}.Release|x64.ActiveCfg = Release|Any CPU
		{829B2B37-11D0-4E5C-ABD6-B0BF13FCAA17}.Release|x64.Build.0 = Release|Any CPU
		{829B2B37-11D0-4E5C-ABD6-B0BF13FCAA17}.Release|x86.ActiveCfg = Release|Any CPU
		{829B2B37-11D0-4E5C-ABD6-B0BF13FCAA17}.Release|x86.Build.0 = Release|Any CPU
		{3FD7E6C8-6D10-438F-81AE-2458F64BBD99}.Debug|Any CPU.ActiveCfg = Debug|Any CPU
		{3FD7E6C8-6D10-438F-81AE-2458F64BBD99}.Debug|Any CPU.Build.0 = Debug|Any CPU
		{3FD7E6C8-6D10-438F-81AE-2458F64BBD99}.Debug|x64.ActiveCfg = Debug|x64
		{3FD7E6C8-6D10-438F-81AE-2458F64BBD99}.Debug|x64.Build.0 = Debug|x64
		{3FD7E6C8-6D10-438F-81AE-2458F64BBD99}.Debug|x86.ActiveCfg = Debug|Any CPU
		{3FD7E6C8-6D10-438F-81AE-2458F64BBD99}.Debug|x86.Build.0 = Debug|Any CPU
		{3FD7E6C8-6D10-438F-81AE-2458F64BBD99}.GPU|Any CPU.ActiveCfg = Debug|Any CPU
		{3FD7E6C8-6D10-438F-81AE-2458F64BBD99}.GPU|Any CPU.Build.0 = Debug|Any CPU
		{3FD7E6C8-6D10-438F-81AE-2458F64BBD99}.GPU|x64.ActiveCfg = Debug|x64
		{3FD7E6C8-6D10-438F-81AE-2458F64BBD99}.GPU|x64.Build.0 = Debug|x64
		{3FD7E6C8-6D10-438F-81AE-2458F64BBD99}.GPU|x86.ActiveCfg = Debug|Any CPU
		{3FD7E6C8-6D10-438F-81AE-2458F64BBD99}.GPU|x86.Build.0 = Debug|Any CPU
		{3FD7E6C8-6D10-438F-81AE-2458F64BBD99}.Release|Any CPU.ActiveCfg = Release|Any CPU
		{3FD7E6C8-6D10-438F-81AE-2458F64BBD99}.Release|Any CPU.Build.0 = Release|Any CPU
		{3FD7E6C8-6D10-438F-81AE-2458F64BBD99}.Release|x64.ActiveCfg = Release|x64
		{3FD7E6C8-6D10-438F-81AE-2458F64BBD99}.Release|x64.Build.0 = Release|x64
		{3FD7E6C8-6D10-438F-81AE-2458F64BBD99}.Release|x86.ActiveCfg = Release|Any CPU
		{3FD7E6C8-6D10-438F-81AE-2458F64BBD99}.Release|x86.Build.0 = Release|Any CPU
	EndGlobalSection
	GlobalSection(SolutionProperties) = preSolution
		HideSolutionNode = FALSE
	EndGlobalSection
	GlobalSection(ExtensibilityGlobals) = postSolution
		SolutionGuid = {AA8E6989-2703-4DE2-A0B8-C884B75EFA9F}
	EndGlobalSection
EndGlobal
