
Microsoft Visual Studio Solution File, Format Version 12.00
# Visual Studio Version 17
VisualStudioVersion = 17.1.31911.260
MinimumVisualStudioVersion = 10.0.40219.1
Project("{9A19103F-16F7-4668-BE54-9A1E7A4F7556}") = "TensorFlowNET.Examples", "src\TensorFlowNET.Examples\TensorFlowNET.Examples.csproj", "{3AC62662-7861-4C21-A402-82864F2A8AF7}"
EndProject
Project("{9A19103F-16F7-4668-BE54-9A1E7A4F7556}") = "SharpCV.Examples", "src\SharpCV.Examples\SharpCV.Examples.csproj", "{935764FA-5297-4E49-945C-D04F1EF84EAF}"
EndProject
Project("{6EC3EE1D-3C4E-46DD-8F32-0CC8E7565705}") = "TensorFlowNET.Examples.FSharp", "src\TensorFlowNET.Examples.FSharp\TensorFlowNET.Examples.FSharp.fsproj", "{2B536506-0C0D-42EA-9C10-8BBF27332602}"
EndProject
Project("{9A19103F-16F7-4668-BE54-9A1E7A4F7556}") = "SciSharp.WebApi", "src\SciSharp.WebApi\SciSharp.WebApi.csproj", "{E1D6E827-3FC6-476A-8875-1FF8C1D398CE}"
EndProject
Project("{9A19103F-16F7-4668-BE54-9A1E7A4F7556}") = "SciSharp.Models.Core", "..\SciSharp.Models\SciSharp.Models.Core\SciSharp.Models.Core.csproj", "{477EFB56-3CE1-4784-8C6E-1EA021352538}"
EndProject
Project("{9A19103F-16F7-4668-BE54-9A1E7A4F7556}") = "SciSharp.Models.TimeSeries", "..\SciSharp.Models\SciSharp.Models.TimeSeries\SciSharp.Models.TimeSeries.csproj", "{52E44DF0-1853-420F-9170-30CFF9F8E547}"
EndProject
Project("{9A19103F-16F7-4668-BE54-9A1E7A4F7556}") = "SciSharp.Models.ObjectDetection", "..\SciSharp.Models\SciSharp.Models.ObjectDetection\SciSharp.Models.ObjectDetection.csproj", "{DFDF430D-2FEF-46CF-B2F4-8BA92A65849A}"
EndProject
Project("{9A19103F-16F7-4668-BE54-9A1E7A4F7556}") = "SciSharp.Models.ImageClassification", "..\SciSharp.Models\SciSharp.Models.ImageClassification\SciSharp.Models.ImageClassification.csproj", "{DBE84FE4-9E9C-4541-8A03-1B632B675364}"
EndProject
Project("{9A19103F-16F7-4668-BE54-9A1E7A4F7556}") = "Tensorflow.Binding", "..\TensorFlow.NET\src\TensorFlowNET.Core\Tensorflow.Binding.csproj", "{43D5B572-DCF8-4251-A3BA-A8F48AE8C95A}"
EndProject
Project("{9A19103F-16F7-4668-BE54-9A1E7A4F7556}") = "Tensorflow.Keras", "..\TensorFlow.NET\src\TensorFlowNET.Keras\Tensorflow.Keras.csproj", "{5FD996B0-363D-4B3C-B22E-7C96CCD0BD7C}"
EndProject
Project("{9A19103F-16F7-4668-BE54-9A1E7A4F7556}") = "SharpCV", "..\SharpCV\src\SharpCV\SharpCV.csproj", "{C389E999-41B0-4C3B-9CEA-3EE6AAB86C3E}"
EndProject
Project("{9A19103F-16F7-4668-BE54-9A1E7A4F7556}") = "Pandas.NET", "..\Pandas.NET\src\Pandas.NET\Pandas.NET.csproj", "{5437C206-2210-4416-A1B3-3EE331B9B5C0}"
EndProject
Global
	GlobalSection(SolutionConfigurationPlatforms) = preSolution
		Debug|Any CPU = Debug|Any CPU
		Debug|x64 = Debug|x64
		Debug|x86 = Debug|x86
		GPU|Any CPU = GPU|Any CPU
		GPU|x64 = GPU|x64
		GPU|x86 = GPU|x86
		Release|Any CPU = Release|Any CPU
		Release|x64 = Release|x64
		Release|x86 = Release|x86
	EndGlobalSection
	GlobalSection(ProjectConfigurationPlatforms) = postSolution
		{3AC62662-7861-4C21-A402-82864F2A8AF7}.Debug|Any CPU.ActiveCfg = Debug|Any CPU
		{3AC62662-7861-4C21-A402-82864F2A8AF7}.Debug|Any CPU.Build.0 = Debug|Any CPU
		{3AC62662-7861-4C21-A402-82864F2A8AF7}.Debug|x64.ActiveCfg = Debug|Any CPU
		{3AC62662-7861-4C21-A402-82864F2A8AF7}.Debug|x64.Build.0 = Debug|Any CPU
		{3AC62662-7861-4C21-A402-82864F2A8AF7}.Debug|x86.ActiveCfg = Debug|Any CPU
		{3AC62662-7861-4C21-A402-82864F2A8AF7}.Debug|x86.Build.0 = Debug|Any CPU
		{3AC62662-7861-4C21-A402-82864F2A8AF7}.GPU|Any CPU.ActiveCfg = GPU|Any CPU
		{3AC62662-7861-4C21-A402-82864F2A8AF7}.GPU|Any CPU.Build.0 = GPU|Any CPU
		{3AC62662-7861-4C21-A402-82864F2A8AF7}.GPU|x64.ActiveCfg = GPU|Any CPU
		{3AC62662-7861-4C21-A402-82864F2A8AF7}.GPU|x64.Build.0 = GPU|Any CPU
		{3AC62662-7861-4C21-A402-82864F2A8AF7}.GPU|x86.ActiveCfg = GPU|Any CPU
		{3AC62662-7861-4C21-A402-82864F2A8AF7}.GPU|x86.Build.0 = GPU|Any CPU
		{3AC62662-7861-4C21-A402-82864F2A8AF7}.Release|Any CPU.ActiveCfg = Release|Any CPU
		{3AC62662-7861-4C21-A402-82864F2A8AF7}.Release|Any CPU.Build.0 = Release|Any CPU
		{3AC62662-7861-4C21-A402-82864F2A8AF7}.Release|x64.ActiveCfg = Release|Any CPU
		{3AC62662-7861-4C21-A402-82864F2A8AF7}.Release|x64.Build.0 = Release|Any CPU
		{3AC62662-7861-4C21-A402-82864F2A8AF7}.Release|x86.ActiveCfg = Release|Any CPU
		{3AC62662-7861-4C21-A402-82864F2A8AF7}.Release|x86.Build.0 = Release|Any CPU
		{935764FA-5297-4E49-945C-D04F1EF84EAF}.Debug|Any CPU.ActiveCfg = Debug|Any CPU
		{935764FA-5297-4E49-945C-D04F1EF84EAF}.Debug|Any CPU.Build.0 = Debug|Any CPU
		{935764FA-5297-4E49-945C-D04F1EF84EAF}.Debug|x64.ActiveCfg = Debug|Any CPU
		{935764FA-5297-4E49-945C-D04F1EF84EAF}.Debug|x64.Build.0 = Debug|Any CPU
		{935764FA-5297-4E49-945C-D04F1EF84EAF}.Debug|x86.ActiveCfg = Debug|Any CPU
		{935764FA-5297-4E49-945C-D04F1EF84EAF}.Debug|x86.Build.0 = Debug|Any CPU
		{935764FA-5297-4E49-945C-D04F1EF84EAF}.GPU|Any CPU.ActiveCfg = GPU|Any CPU
		{935764FA-5297-4E49-945C-D04F1EF84EAF}.GPU|Any CPU.Build.0 = GPU|Any CPU
		{935764FA-5297-4E49-945C-D04F1EF84EAF}.GPU|x64.ActiveCfg = GPU|Any CPU
		{935764FA-5297-4E49-945C-D04F1EF84EAF}.GPU|x64.Build.0 = GPU|Any CPU
		{935764FA-5297-4E49-945C-D04F1EF84EAF}.GPU|x86.ActiveCfg = GPU|Any CPU
		{935764FA-5297-4E49-945C-D04F1EF84EAF}.GPU|x86.Build.0 = GPU|Any CPU
		{935764FA-5297-4E49-945C-D04F1EF84EAF}.Release|Any CPU.ActiveCfg = Release|Any CPU
		{935764FA-5297-4E49-945C-D04F1EF84EAF}.Release|Any CPU.Build.0 = Release|Any CPU
		{935764FA-5297-4E49-945C-D04F1EF84EAF}.Release|x64.ActiveCfg = Release|Any CPU
		{935764FA-5297-4E49-945C-D04F1EF84EAF}.Release|x64.Build.0 = Release|Any CPU
		{935764FA-5297-4E49-945C-D04F1EF84EAF}.Release|x86.ActiveCfg = Release|Any CPU
		{935764FA-5297-4E49-945C-D04F1EF84EAF}.Release|x86.Build.0 = Release|Any CPU
		{2B536506-0C0D-42EA-9C10-8BBF27332602}.Debug|Any CPU.ActiveCfg = Debug|Any CPU
		{2B536506-0C0D-42EA-9C10-8BBF27332602}.Debug|Any CPU.Build.0 = Debug|Any CPU
		{2B536506-0C0D-42EA-9C10-8BBF27332602}.Debug|x64.ActiveCfg = Debug|Any CPU
		{2B536506-0C0D-42EA-9C10-8BBF27332602}.Debug|x64.Build.0 = Debug|Any CPU
		{2B536506-0C0D-42EA-9C10-8BBF27332602}.Debug|x86.ActiveCfg = Debug|Any CPU
		{2B536506-0C0D-42EA-9C10-8BBF27332602}.Debug|x86.Build.0 = Debug|Any CPU
		{2B536506-0C0D-42EA-9C10-8BBF27332602}.GPU|Any CPU.ActiveCfg = GPU|Any CPU
		{2B536506-0C0D-42EA-9C10-8BBF27332602}.GPU|Any CPU.Build.0 = GPU|Any CPU
		{2B536506-0C0D-42EA-9C10-8BBF27332602}.GPU|x64.ActiveCfg = GPU|Any CPU
		{2B536506-0C0D-42EA-9C10-8BBF27332602}.GPU|x64.Build.0 = GPU|Any CPU
		{2B536506-0C0D-42EA-9C10-8BBF27332602}.GPU|x86.ActiveCfg = GPU|Any CPU
		{2B536506-0C0D-42EA-9C10-8BBF27332602}.GPU|x86.Build.0 = GPU|Any CPU
		{2B536506-0C0D-42EA-9C10-8BBF27332602}.Release|Any CPU.ActiveCfg = Release|Any CPU
		{2B536506-0C0D-42EA-9C10-8BBF27332602}.Release|Any CPU.Build.0 = Release|Any CPU
		{2B536506-0C0D-42EA-9C10-8BBF27332602}.Release|x64.ActiveCfg = Release|Any CPU
		{2B536506-0C0D-42EA-9C10-8BBF27332602}.Release|x64.Build.0 = Release|Any CPU
		{2B536506-0C0D-42EA-9C10-8BBF27332602}.Release|x86.ActiveCfg = Release|Any CPU
		{2B536506-0C0D-42EA-9C10-8BBF27332602}.Release|x86.Build.0 = Release|Any CPU
		{E1D6E827-3FC6-476A-8875-1FF8C1D398CE}.Debug|Any CPU.ActiveCfg = Debug|Any CPU
		{E1D6E827-3FC6-476A-8875-1FF8C1D398CE}.Debug|Any CPU.Build.0 = Debug|Any CPU
		{E1D6E827-3FC6-476A-8875-1FF8C1D398CE}.Debug|x64.ActiveCfg = Debug|Any CPU
		{E1D6E827-3FC6-476A-8875-1FF8C1D398CE}.Debug|x64.Build.0 = Debug|Any CPU
		{E1D6E827-3FC6-476A-8875-1FF8C1D398CE}.Debug|x86.ActiveCfg = Debug|Any CPU
		{E1D6E827-3FC6-476A-8875-1FF8C1D398CE}.Debug|x86.Build.0 = Debug|Any CPU
		{E1D6E827-3FC6-476A-8875-1FF8C1D398CE}.GPU|Any CPU.ActiveCfg = Debug|Any CPU
		{E1D6E827-3FC6-476A-8875-1FF8C1D398CE}.GPU|Any CPU.Build.0 = Debug|Any CPU
		{E1D6E827-3FC6-476A-8875-1FF8C1D398CE}.GPU|x64.ActiveCfg = Debug|Any CPU
		{E1D6E827-3FC6-476A-8875-1FF8C1D398CE}.GPU|x64.Build.0 = Debug|Any CPU
		{E1D6E827-3FC6-476A-8875-1FF8C1D398CE}.GPU|x86.ActiveCfg = Debug|Any CPU
		{E1D6E827-3FC6-476A-8875-1FF8C1D398CE}.GPU|x86.Build.0 = Debug|Any CPU
		{E1D6E827-3FC6-476A-8875-1FF8C1D398CE}.Release|Any CPU.ActiveCfg = Release|Any CPU
		{E1D6E827-3FC6-476A-8875-1FF8C1D398CE}.Release|Any CPU.Build.0 = Release|Any CPU
		{E1D6E827-3FC6-476A-8875-1FF8C1D398CE}.Release|x64.ActiveCfg = Release|Any CPU
		{E1D6E827-3FC6-476A-8875-1FF8C1D398CE}.Release|x64.Build.0 = Release|Any CPU
		{E1D6E827-3FC6-476A-8875-1FF8C1D398CE}.Release|x86.ActiveCfg = Release|Any CPU
		{E1D6E827-3FC6-476A-8875-1FF8C1D398CE}.Release|x86.Build.0 = Release|Any CPU
		{477EFB56-3CE1-4784-8C6E-1EA021352538}.Debug|Any CPU.ActiveCfg = Debug|Any CPU
		{477EFB56-3CE1-4784-8C6E-1EA021352538}.Debug|Any CPU.Build.0 = Debug|Any CPU
		{477EFB56-3CE1-4784-8C6E-1EA021352538}.Debug|x64.ActiveCfg = Debug|Any CPU
		{477EFB56-3CE1-4784-8C6E-1EA021352538}.Debug|x64.Build.0 = Debug|Any CPU
		{477EFB56-3CE1-4784-8C6E-1EA021352538}.Debug|x86.ActiveCfg = Debug|Any CPU
		{477EFB56-3CE1-4784-8C6E-1EA021352538}.Debug|x86.Build.0 = Debug|Any CPU
		{477EFB56-3CE1-4784-8C6E-1EA021352538}.GPU|Any CPU.ActiveCfg = Debug|Any CPU
		{477EFB56-3CE1-4784-8C6E-1EA021352538}.GPU|Any CPU.Build.0 = Debug|Any CPU
		{477EFB56-3CE1-4784-8C6E-1EA021352538}.GPU|x64.ActiveCfg = Debug|Any CPU
		{477EFB56-3CE1-4784-8C6E-1EA021352538}.GPU|x64.Build.0 = Debug|Any CPU
		{477EFB56-3CE1-4784-8C6E-1EA021352538}.GPU|x86.ActiveCfg = Debug|Any CPU
		{477EFB56-3CE1-4784-8C6E-1EA021352538}.GPU|x86.Build.0 = Debug|Any CPU
		{477EFB56-3CE1-4784-8C6E-1EA021352538}.Release|Any CPU.ActiveCfg = Release|Any CPU
		{477EFB56-3CE1-4784-8C6E-1EA021352538}.Release|Any CPU.Build.0 = Release|Any CPU
		{477EFB56-3CE1-4784-8C6E-1EA021352538}.Release|x64.ActiveCfg = Release|Any CPU
		{477EFB56-3CE1-4784-8C6E-1EA021352538}.Release|x64.Build.0 = Release|Any CPU
		{477EFB56-3CE1-4784-8C6E-1EA021352538}.Release|x86.ActiveCfg = Release|Any CPU
		{477EFB56-3CE1-4784-8C6E-1EA021352538}.Release|x86.Build.0 = Release|Any CPU
		{52E44DF0-1853-420F-9170-30CFF9F8E547}.Debug|Any CPU.ActiveCfg = Debug|Any CPU
		{52E44DF0-1853-420F-9170-30CFF9F8E547}.Debug|Any CPU.Build.0 = Debug|Any CPU
		{52E44DF0-1853-420F-9170-30CFF9F8E547}.Debug|x64.ActiveCfg = Debug|Any CPU
		{52E44DF0-1853-420F-9170-30CFF9F8E547}.Debug|x64.Build.0 = Debug|Any CPU
		{52E44DF0-1853-420F-9170-30CFF9F8E547}.Debug|x86.ActiveCfg = Debug|Any CPU
		{52E44DF0-1853-420F-9170-30CFF9F8E547}.Debug|x86.Build.0 = Debug|Any CPU
		{52E44DF0-1853-420F-9170-30CFF9F8E547}.GPU|Any CPU.ActiveCfg = Debug|Any CPU
		{52E44DF0-1853-420F-9170-30CFF9F8E547}.GPU|Any CPU.Build.0 = Debug|Any CPU
		{52E44DF0-1853-420F-9170-30CFF9F8E547}.GPU|x64.ActiveCfg = Debug|Any CPU
		{52E44DF0-1853-420F-9170-30CFF9F8E547}.GPU|x64.Build.0 = Debug|Any CPU
		{52E44DF0-1853-420F-9170-30CFF9F8E547}.GPU|x86.ActiveCfg = Debug|Any CPU
		{52E44DF0-1853-420F-9170-30CFF9F8E547}.GPU|x86.Build.0 = Debug|Any CPU
		{52E44DF0-1853-420F-9170-30CFF9F8E547}.Release|Any CPU.ActiveCfg = Release|Any CPU
		{52E44DF0-1853-420F-9170-30CFF9F8E547}.Release|Any CPU.Build.0 = Release|Any CPU
		{52E44DF0-1853-420F-9170-30CFF9F8E547}.Release|x64.ActiveCfg = Release|Any CPU
		{52E44DF0-1853-420F-9170-30CFF9F8E547}.Release|x64.Build.0 = Release|Any CPU
		{52E44DF0-1853-420F-9170-30CFF9F8E547}.Release|x86.ActiveCfg = Release|Any CPU
		{52E44DF0-1853-420F-9170-30CFF9F8E547}.Release|x86.Build.0 = Release|Any CPU
		{DFDF430D-2FEF-46CF-B2F4-8BA92A65849A}.Debug|Any CPU.ActiveCfg = Debug|Any CPU
		{DFDF430D-2FEF-46CF-B2F4-8BA92A65849A}.Debug|Any CPU.Build.0 = Debug|Any CPU
		{DFDF430D-2FEF-46CF-B2F4-8BA92A65849A}.Debug|x64.ActiveCfg = Debug|Any CPU
		{DFDF430D-2FEF-46CF-B2F4-8BA92A65849A}.Debug|x64.Build.0 = Debug|Any CPU
		{DFDF430D-2FEF-46CF-B2F4-8BA92A65849A}.Debug|x86.ActiveCfg = Debug|Any CPU
		{DFDF430D-2FEF-46CF-B2F4-8BA92A65849A}.Debug|x86.Build.0 = Debug|Any CPU
		{DFDF430D-2FEF-46CF-B2F4-8BA92A65849A}.GPU|Any CPU.ActiveCfg = Debug|Any CPU
		{DFDF430D-2FEF-46CF-B2F4-8BA92A65849A}.GPU|Any CPU.Build.0 = Debug|Any CPU
		{DFDF430D-2FEF-46CF-B2F4-8BA92A65849A}.GPU|x64.ActiveCfg = Debug|Any CPU
		{DFDF430D-2FEF-46CF-B2F4-8BA92A65849A}.GPU|x64.Build.0 = Debug|Any CPU
		{DFDF430D-2FEF-46CF-B2F4-8BA92A65849A}.GPU|x86.ActiveCfg = Debug|Any CPU
		{DFDF430D-2FEF-46CF-B2F4-8BA92A65849A}.GPU|x86.Build.0 = Debug|Any CPU
		{DFDF430D-2FEF-46CF-B2F4-8BA92A65849A}.Release|Any CPU.ActiveCfg = Release|Any CPU
		{DFDF430D-2FEF-46CF-B2F4-8BA92A65849A}.Release|Any CPU.Build.0 = Release|Any CPU
		{DFDF430D-2FEF-46CF-B2F4-8BA92A65849A}.Release|x64.ActiveCfg = Release|Any CPU
		{DFDF430D-2FEF-46CF-B2F4-8BA92A65849A}.Release|x64.Build.0 = Release|Any CPU
		{DFDF430D-2FEF-46CF-B2F4-8BA92A65849A}.Release|x86.ActiveCfg = Release|Any CPU
		{DFDF430D-2FEF-46CF-B2F4-8BA92A65849A}.Release|x86.Build.0 = Release|Any CPU
		{DBE84FE4-9E9C-4541-8A03-1B632B675364}.Debug|Any CPU.ActiveCfg = Debug|Any CPU
		{DBE84FE4-9E9C-4541-8A03-1B632B675364}.Debug|Any CPU.Build.0 = Debug|Any CPU
		{DBE84FE4-9E9C-4541-8A03-1B632B675364}.Debug|x64.ActiveCfg = Debug|Any CPU
		{DBE84FE4-9E9C-4541-8A03-1B632B675364}.Debug|x64.Build.0 = Debug|Any CPU
		{DBE84FE4-9E9C-4541-8A03-1B632B675364}.Debug|x86.ActiveCfg = Debug|Any CPU
		{DBE84FE4-9E9C-4541-8A03-1B632B675364}.Debug|x86.Build.0 = Debug|Any CPU
		{DBE84FE4-9E9C-4541-8A03-1B632B675364}.GPU|Any CPU.ActiveCfg = Debug|Any CPU
		{DBE84FE4-9E9C-4541-8A03-1B632B675364}.GPU|Any CPU.Build.0 = Debug|Any CPU
		{DBE84FE4-9E9C-4541-8A03-1B632B675364}.GPU|x64.ActiveCfg = Debug|Any CPU
		{DBE84FE4-9E9C-4541-8A03-1B632B675364}.GPU|x64.Build.0 = Debug|Any CPU
		{DBE84FE4-9E9C-4541-8A03-1B632B675364}.GPU|x86.ActiveCfg = Debug|Any CPU
		{DBE84FE4-9E9C-4541-8A03-1B632B675364}.GPU|x86.Build.0 = Debug|Any CPU
		{DBE84FE4-9E9C-4541-8A03-1B632B675364}.Release|Any CPU.ActiveCfg = Release|Any CPU
		{DBE84FE4-9E9C-4541-8A03-1B632B675364}.Release|Any CPU.Build.0 = Release|Any CPU
		{DBE84FE4-9E9C-4541-8A03-1B632B675364}.Release|x64.ActiveCfg = Release|Any CPU
		{DBE84FE4-9E9C-4541-8A03-1B632B675364}.Release|x64.Build.0 = Release|Any CPU
		{DBE84FE4-9E9C-4541-8A03-1B632B675364}.Release|x86.ActiveCfg = Release|Any CPU
		{DBE84FE4-9E9C-4541-8A03-1B632B675364}.Release|x86.Build.0 = Release|Any CPU
		{43D5B572-DCF8-4251-A3BA-A8F48AE8C95A}.Debug|Any CPU.ActiveCfg = Debug|Any CPU
		{43D5B572-DCF8-4251-A3BA-A8F48AE8C95A}.Debug|Any CPU.Build.0 = Debug|Any CPU
		{43D5B572-DCF8-4251-A3BA-A8F48AE8C95A}.Debug|x64.ActiveCfg = Debug|x64
		{43D5B572-DCF8-4251-A3BA-A8F48AE8C95A}.Debug|x64.Build.0 = Debug|x64
		{43D5B572-DCF8-4251-A3BA-A8F48AE8C95A}.Debug|x86.ActiveCfg = Debug|Any CPU
		{43D5B572-DCF8-4251-A3BA-A8F48AE8C95A}.Debug|x86.Build.0 = Debug|Any CPU
		{43D5B572-DCF8-4251-A3BA-A8F48AE8C95A}.GPU|Any CPU.ActiveCfg = GPU|Any CPU
		{43D5B572-DCF8-4251-A3BA-A8F48AE8C95A}.GPU|Any CPU.Build.0 = GPU|Any CPU
		{43D5B572-DCF8-4251-A3BA-A8F48AE8C95A}.GPU|x64.ActiveCfg = GPU|x64
		{43D5B572-DCF8-4251-A3BA-A8F48AE8C95A}.GPU|x64.Build.0 = GPU|x64
		{43D5B572-DCF8-4251-A3BA-A8F48AE8C95A}.GPU|x86.ActiveCfg = GPU|Any CPU
		{43D5B572-DCF8-4251-A3BA-A8F48AE8C95A}.GPU|x86.Build.0 = GPU|Any CPU
		{43D5B572-DCF8-4251-A3BA-A8F48AE8C95A}.Release|Any CPU.ActiveCfg = Release|Any CPU
		{43D5B572-DCF8-4251-A3BA-A8F48AE8C95A}.Release|Any CPU.Build.0 = Release|Any CPU
		{43D5B572-DCF8-4251-A3BA-A8F48AE8C95A}.Release|x64.ActiveCfg = Release|x64
		{43D5B572-DCF8-4251-A3BA-A8F48AE8C95A}.Release|x64.Build.0 = Release|x64
		{43D5B572-DCF8-4251-A3BA-A8F48AE8C95A}.Release|x86.ActiveCfg = Release|Any CPU
		{43D5B572-DCF8-4251-A3BA-A8F48AE8C95A}.Release|x86.Build.0 = Release|Any CPU
		{5FD996B0-363D-4B3C-B22E-7C96CCD0BD7C}.Debug|Any CPU.ActiveCfg = Debug|Any CPU
		{5FD996B0-363D-4B3C-B22E-7C96CCD0BD7C}.Debug|Any CPU.Build.0 = Debug|Any CPU
		{5FD996B0-363D-4B3C-B22E-7C96CCD0BD7C}.Debug|x64.ActiveCfg = Debug|x64
		{5FD996B0-363D-4B3C-B22E-7C96CCD0BD7C}.Debug|x64.Build.0 = Debug|x64
		{5FD996B0-363D-4B3C-B22E-7C96CCD0BD7C}.Debug|x86.ActiveCfg = Debug|Any CPU
		{5FD996B0-363D-4B3C-B22E-7C96CCD0BD7C}.Debug|x86.Build.0 = Debug|Any CPU
		{5FD996B0-363D-4B3C-B22E-7C96CCD0BD7C}.GPU|Any CPU.ActiveCfg = GPU|Any CPU
		{5FD996B0-363D-4B3C-B22E-7C96CCD0BD7C}.GPU|Any CPU.Build.0 = GPU|Any CPU
		{5FD996B0-363D-4B3C-B22E-7C96CCD0BD7C}.GPU|x64.ActiveCfg = GPU|x64
		{5FD996B0-363D-4B3C-B22E-7C96CCD0BD7C}.GPU|x64.Build.0 = GPU|x64
		{5FD996B0-363D-4B3C-B22E-7C96CCD0BD7C}.GPU|x86.ActiveCfg = GPU|Any CPU
		{5FD996B0-363D-4B3C-B22E-7C96CCD0BD7C}.GPU|x86.Build.0 = GPU|Any CPU
		{5FD996B0-363D-4B3C-B22E-7C96CCD0BD7C}.Release|Any CPU.ActiveCfg = Release|Any CPU
		{5FD996B0-363D-4B3C-B22E-7C96CCD0BD7C}.Release|Any CPU.Build.0 = Release|Any CPU
		{5FD996B0-363D-4B3C-B22E-7C96CCD0BD7C}.Release|x64.ActiveCfg = Release|x64
		{5FD996B0-363D-4B3C-B22E-7C96CCD0BD7C}.Release|x64.Build.0 = Release|x64
		{5FD996B0-363D-4B3C-B22E-7C96CCD0BD7C}.Release|x86.ActiveCfg = Release|Any CPU
		{5FD996B0-363D-4B3C-B22E-7C96CCD0BD7C}.Release|x86.Build.0 = Release|Any CPU
		{C389E999-41B0-4C3B-9CEA-3EE6AAB86C3E}.Debug|Any CPU.ActiveCfg = Debug|Any CPU
		{C389E999-41B0-4C3B-9CEA-3EE6AAB86C3E}.Debug|Any CPU.Build.0 = Debug|Any CPU
		{C389E999-41B0-4C3B-9CEA-3EE6AAB86C3E}.Debug|x64.ActiveCfg = Debug|x64
		{C389E999-41B0-4C3B-9CEA-3EE6AAB86C3E}.Debug|x64.Build.0 = Debug|x64
		{C389E999-41B0-4C3B-9CEA-3EE6AAB86C3E}.Debug|x86.ActiveCfg = Debug|Any CPU
		{C389E999-41B0-4C3B-9CEA-3EE6AAB86C3E}.Debug|x86.Build.0 = Debug|Any CPU
		{C389E999-41B0-4C3B-9CEA-3EE6AAB86C3E}.GPU|Any CPU.ActiveCfg = Debug|Any CPU
		{C389E999-41B0-4C3B-9CEA-3EE6AAB86C3E}.GPU|Any CPU.Build.0 = Debug|Any CPU
		{C389E999-41B0-4C3B-9CEA-3EE6AAB86C3E}.GPU|x64.ActiveCfg = Debug|x64
		{C389E999-41B0-4C3B-9CEA-3EE6AAB86C3E}.GPU|x64.Build.0 = Debug|x64
		{C389E999-41B0-4C3B-9CEA-3EE6AAB86C3E}.GPU|x86.ActiveCfg = Debug|Any CPU
		{C389E999-41B0-4C3B-9CEA-3EE6AAB86C3E}.GPU|x86.Build.0 = Debug|Any CPU
		{C389E999-41B0-4C3B-9CEA-3EE6AAB86C3E}.Release|Any CPU.ActiveCfg = Release|Any CPU
		{C389E999-41B0-4C3B-9CEA-3EE6AAB86C3E}.Release|Any CPU.Build.0 = Release|Any CPU
		{C389E999-41B0-4C3B-9CEA-3EE6AAB86C3E}.Release|x64.ActiveCfg = Release|x64
		{C389E999-41B0-4C3B-9CEA-3EE6AAB86C3E}.Release|x64.Build.0 = Release|x64
		{C389E999-41B0-4C3B-9CEA-3EE6AAB86C3E}.Release|x86.ActiveCfg = Release|Any CPU
		{C389E999-41B0-4C3B-9CEA-3EE6AAB86C3E}.Release|x86.Build.0 = Release|Any CPU
		{5437C206-2210-4416-A1B3-3EE331B9B5C0}.Debug|Any CPU.ActiveCfg = Debug|Any CPU
		{5437C206-2210-4416-A1B3-3EE331B9B5C0}.Debug|Any CPU.Build.0 = Debug|Any CPU
		{5437C206-2210-4416-A1B3-3EE331B9B5C0}.Debug|x64.ActiveCfg = Debug|Any CPU
		{5437C206-2210-4416-A1B3-3EE331B9B5C0}.Debug|x64.Build.0 = Debug|Any CPU
		{5437C206-2210-4416-A1B3-3EE331B9B5C0}.Debug|x86.ActiveCfg = Debug|Any CPU
		{5437C206-2210-4416-A1B3-3EE331B9B5C0}.Debug|x86.Build.0 = Debug|Any CPU
		{5437C206-2210-4416-A1B3-3EE331B9B5C0}.GPU|Any CPU.ActiveCfg = Debug|Any CPU
		{5437C206-2210-4416-A1B3-3EE331B9B5C0}.GPU|Any CPU.Build.0 = Debug|Any CPU
		{5437C206-2210-4416-A1B3-3EE331B9B5C0}.GPU|x64.ActiveCfg = Debug|Any CPU
		{5437C206-2210-4416-A1B3-3EE331B9B5C0}.GPU|x64.Build.0 = Debug|Any CPU
		{5437C206-2210-4416-A1B3-3EE331B9B5C0}.GPU|x86.ActiveCfg = Debug|Any CPU
		{5437C206-2210-4416-A1B3-3EE331B9B5C0}.GPU|x86.Build.0 = Debug|Any CPU
		{5437C206-2210-4416-A1B3-3EE331B9B5C0}.Release|Any CPU.ActiveCfg = Release|Any CPU
		{5437C206-2210-4416-A1B3-3EE331B9B5C0}.Release|Any CPU.Build.0 = Release|Any CPU
		{5437C206-2210-4416-A1B3-3EE331B9B5C0}.Release|x64.ActiveCfg = Release|Any CPU
		{5437C206-2210-4416-A1B3-3EE331B9B5C0}.Release|x64.Build.0 = Release|Any CPU
		{5437C206-2210-4416-A1B3-3EE331B9B5C0}.Release|x86.ActiveCfg = Release|Any CPU
		{5437C206-2210-4416-A1B3-3EE331B9B5C0}.Release|x86.Build.0 = Release|Any CPU
	EndGlobalSection
	GlobalSection(SolutionProperties) = preSolution
		HideSolutionNode = FALSE
	EndGlobalSection
	GlobalSection(ExtensibilityGlobals) = postSolution
		SolutionGuid = {AA8E6989-2703-4DE2-A0B8-C884B75EFA9F}
	EndGlobalSection
EndGlobal
