
Microsoft Visual Studio Solution File, Format Version 12.00
# Visual Studio Version 16
VisualStudioVersion = 16.0.29326.143
MinimumVisualStudioVersion = 10.0.40219.1
Project("{9A19103F-16F7-4668-BE54-9A1E7A4F7556}") = "TensorFlowNET.Examples", "src\TensorFlowNET.Examples\TensorFlowNET.Examples.csproj", "{3AC62662-7861-4C21-A402-82864F2A8AF7}"
EndProject
Project("{6EC3EE1D-3C4E-46DD-8F32-0CC8E7565705}") = "TensorFlowNET.Examples.FSharp", "src\TensorFlowNET.Examples.FSharp\TensorFlowNET.Examples.FSharp.fsproj", "{7DA7E4DB-0CA9-4B37-9606-35E1C322C978}"
EndProject
Project("{9A19103F-16F7-4668-BE54-9A1E7A4F7556}") = "Tensorflow.Binding", "..\TensorFlow.NET\src\TensorFlowNET.Core\Tensorflow.Binding.csproj", "{F1102AAC-975A-4CFB-8369-6616434A3E8A}"
EndProject
Project("{9A19103F-16F7-4668-BE54-9A1E7A4F7556}") = "SharpCV.Exmaples", "src\SharpCV.Exmaples\SharpCV.Exmaples.csproj", "{CCB553D2-360F-4318-BFE0-5C0B5EF027BE}"
EndProject
Global
	GlobalSection(SolutionConfigurationPlatforms) = preSolution
		Debug|Any CPU = Debug|Any CPU
		Debug|x64 = Debug|x64
		Debug|x86 = Debug|x86
		Debug-Minimal|Any CPU = Debug-Minimal|Any CPU
		Debug-Minimal|x64 = Debug-Minimal|x64
		Debug-Minimal|x86 = Debug-Minimal|x86
		Publish|Any CPU = Publish|Any CPU
		Publish|x64 = Publish|x64
		Publish|x86 = Publish|x86
		Release|Any CPU = Release|Any CPU
		Release|x64 = Release|x64
		Release|x86 = Release|x86
	EndGlobalSection
	GlobalSection(ProjectConfigurationPlatforms) = postSolution
		{3AC62662-7861-4C21-A402-82864F2A8AF7}.Debug|Any CPU.ActiveCfg = Debug|Any CPU
		{3AC62662-7861-4C21-A402-82864F2A8AF7}.Debug|Any CPU.Build.0 = Debug|Any CPU
		{3AC62662-7861-4C21-A402-82864F2A8AF7}.Debug|x64.ActiveCfg = Debug|Any CPU
		{3AC62662-7861-4C21-A402-82864F2A8AF7}.Debug|x64.Build.0 = Debug|Any CPU
		{3AC62662-7861-4C21-A402-82864F2A8AF7}.Debug|x86.ActiveCfg = Debug|Any CPU
		{3AC62662-7861-4C21-A402-82864F2A8AF7}.Debug|x86.Build.0 = Debug|Any CPU
		{3AC62662-7861-4C21-A402-82864F2A8AF7}.Debug-Minimal|Any CPU.ActiveCfg = Debug|Any CPU
		{3AC62662-7861-4C21-A402-82864F2A8AF7}.Debug-Minimal|Any CPU.Build.0 = Debug|Any CPU
		{3AC62662-7861-4C21-A402-82864F2A8AF7}.Debug-Minimal|x64.ActiveCfg = Debug|Any CPU
		{3AC62662-7861-4C21-A402-82864F2A8AF7}.Debug-Minimal|x64.Build.0 = Debug|Any CPU
		{3AC62662-7861-4C21-A402-82864F2A8AF7}.Debug-Minimal|x86.ActiveCfg = Debug|Any CPU
		{3AC62662-7861-4C21-A402-82864F2A8AF7}.Debug-Minimal|x86.Build.0 = Debug|Any CPU
		{3AC62662-7861-4C21-A402-82864F2A8AF7}.Publish|Any CPU.ActiveCfg = Release|Any CPU
		{3AC62662-7861-4C21-A402-82864F2A8AF7}.Publish|Any CPU.Build.0 = Release|Any CPU
		{3AC62662-7861-4C21-A402-82864F2A8AF7}.Publish|x64.ActiveCfg = Release|Any CPU
		{3AC62662-7861-4C21-A402-82864F2A8AF7}.Publish|x64.Build.0 = Release|Any CPU
		{3AC62662-7861-4C21-A402-82864F2A8AF7}.Publish|x86.ActiveCfg = Release|Any CPU
		{3AC62662-7861-4C21-A402-82864F2A8AF7}.Publish|x86.Build.0 = Release|Any CPU
		{3AC62662-7861-4C21-A402-82864F2A8AF7}.Release|Any CPU.ActiveCfg = Release|Any CPU
		{3AC62662-7861-4C21-A402-82864F2A8AF7}.Release|Any CPU.Build.0 = Release|Any CPU
		{3AC62662-7861-4C21-A402-82864F2A8AF7}.Release|x64.ActiveCfg = Release|Any CPU
		{3AC62662-7861-4C21-A402-82864F2A8AF7}.Release|x64.Build.0 = Release|Any CPU
		{3AC62662-7861-4C21-A402-82864F2A8AF7}.Release|x86.ActiveCfg = Release|Any CPU
		{3AC62662-7861-4C21-A402-82864F2A8AF7}.Release|x86.Build.0 = Release|Any CPU
		{7DA7E4DB-0CA9-4B37-9606-35E1C322C978}.Debug|Any CPU.ActiveCfg = Debug|Any CPU
		{7DA7E4DB-0CA9-4B37-9606-35E1C322C978}.Debug|Any CPU.Build.0 = Debug|Any CPU
		{7DA7E4DB-0CA9-4B37-9606-35E1C322C978}.Debug|x64.ActiveCfg = Debug|Any CPU
		{7DA7E4DB-0CA9-4B37-9606-35E1C322C978}.Debug|x64.Build.0 = Debug|Any CPU
		{7DA7E4DB-0CA9-4B37-9606-35E1C322C978}.Debug|x86.ActiveCfg = Debug|Any CPU
		{7DA7E4DB-0CA9-4B37-9606-35E1C322C978}.Debug|x86.Build.0 = Debug|Any CPU
		{7DA7E4DB-0CA9-4B37-9606-35E1C322C978}.Debug-Minimal|Any CPU.ActiveCfg = Debug|Any CPU
		{7DA7E4DB-0CA9-4B37-9606-35E1C322C978}.Debug-Minimal|Any CPU.Build.0 = Debug|Any CPU
		{7DA7E4DB-0CA9-4B37-9606-35E1C322C978}.Debug-Minimal|x64.ActiveCfg = Debug|Any CPU
		{7DA7E4DB-0CA9-4B37-9606-35E1C322C978}.Debug-Minimal|x64.Build.0 = Debug|Any CPU
		{7DA7E4DB-0CA9-4B37-9606-35E1C322C978}.Debug-Minimal|x86.ActiveCfg = Debug|Any CPU
		{7DA7E4DB-0CA9-4B37-9606-35E1C322C978}.Debug-Minimal|x86.Build.0 = Debug|Any CPU
		{7DA7E4DB-0CA9-4B37-9606-35E1C322C978}.Publish|Any CPU.ActiveCfg = Release|Any CPU
		{7DA7E4DB-0CA9-4B37-9606-35E1C322C978}.Publish|Any CPU.Build.0 = Release|Any CPU
		{7DA7E4DB-0CA9-4B37-9606-35E1C322C978}.Publish|x64.ActiveCfg = Release|Any CPU
		{7DA7E4DB-0CA9-4B37-9606-35E1C322C978}.Publish|x64.Build.0 = Release|Any CPU
		{7DA7E4DB-0CA9-4B37-9606-35E1C322C978}.Publish|x86.ActiveCfg = Release|Any CPU
		{7DA7E4DB-0CA9-4B37-9606-35E1C322C978}.Publish|x86.Build.0 = Release|Any CPU
		{7DA7E4DB-0CA9-4B37-9606-35E1C322C978}.Release|Any CPU.ActiveCfg = Release|Any CPU
		{7DA7E4DB-0CA9-4B37-9606-35E1C322C978}.Release|Any CPU.Build.0 = Release|Any CPU
		{7DA7E4DB-0CA9-4B37-9606-35E1C322C978}.Release|x64.ActiveCfg = Release|Any CPU
		{7DA7E4DB-0CA9-4B37-9606-35E1C322C978}.Release|x64.Build.0 = Release|Any CPU
		{7DA7E4DB-0CA9-4B37-9606-35E1C322C978}.Release|x86.ActiveCfg = Release|Any CPU
		{7DA7E4DB-0CA9-4B37-9606-35E1C322C978}.Release|x86.Build.0 = Release|Any CPU
		{F1102AAC-975A-4CFB-8369-6616434A3E8A}.Debug|Any CPU.ActiveCfg = Debug|Any CPU
		{F1102AAC-975A-4CFB-8369-6616434A3E8A}.Debug|Any CPU.Build.0 = Debug|Any CPU
		{F1102AAC-975A-4CFB-8369-6616434A3E8A}.Debug|x64.ActiveCfg = Debug|x64
		{F1102AAC-975A-4CFB-8369-6616434A3E8A}.Debug|x64.Build.0 = Debug|x64
		{F1102AAC-975A-4CFB-8369-6616434A3E8A}.Debug|x86.ActiveCfg = Debug|Any CPU
		{F1102AAC-975A-4CFB-8369-6616434A3E8A}.Debug|x86.Build.0 = Debug|Any CPU
		{F1102AAC-975A-4CFB-8369-6616434A3E8A}.Debug-Minimal|Any CPU.ActiveCfg = Debug|Any CPU
		{F1102AAC-975A-4CFB-8369-6616434A3E8A}.Debug-Minimal|Any CPU.Build.0 = Debug|Any CPU
		{F1102AAC-975A-4CFB-8369-6616434A3E8A}.Debug-Minimal|x64.ActiveCfg = Debug|x64
		{F1102AAC-975A-4CFB-8369-6616434A3E8A}.Debug-Minimal|x64.Build.0 = Debug|x64
		{F1102AAC-975A-4CFB-8369-6616434A3E8A}.Debug-Minimal|x86.ActiveCfg = Debug|Any CPU
		{F1102AAC-975A-4CFB-8369-6616434A3E8A}.Debug-Minimal|x86.Build.0 = Debug|Any CPU
		{F1102AAC-975A-4CFB-8369-6616434A3E8A}.Publish|Any CPU.ActiveCfg = Debug|Any CPU
		{F1102AAC-975A-4CFB-8369-6616434A3E8A}.Publish|Any CPU.Build.0 = Debug|Any CPU
		{F1102AAC-975A-4CFB-8369-6616434A3E8A}.Publish|x64.ActiveCfg = Release|x64
		{F1102AAC-975A-4CFB-8369-6616434A3E8A}.Publish|x64.Build.0 = Release|x64
		{F1102AAC-975A-4CFB-8369-6616434A3E8A}.Publish|x86.ActiveCfg = Release|Any CPU
		{F1102AAC-975A-4CFB-8369-6616434A3E8A}.Publish|x86.Build.0 = Release|Any CPU
		{F1102AAC-975A-4CFB-8369-6616434A3E8A}.Release|Any CPU.ActiveCfg = Release|Any CPU
		{F1102AAC-975A-4CFB-8369-6616434A3E8A}.Release|Any CPU.Build.0 = Release|Any CPU
		{F1102AAC-975A-4CFB-8369-6616434A3E8A}.Release|x64.ActiveCfg = Release|x64
		{F1102AAC-975A-4CFB-8369-6616434A3E8A}.Release|x64.Build.0 = Release|x64
		{F1102AAC-975A-4CFB-8369-6616434A3E8A}.Release|x86.ActiveCfg = Release|Any CPU
		{F1102AAC-975A-4CFB-8369-6616434A3E8A}.Release|x86.Build.0 = Release|Any CPU
		{CCB553D2-360F-4318-BFE0-5C0B5EF027BE}.Debug|Any CPU.ActiveCfg = Debug|Any CPU
		{CCB553D2-360F-4318-BFE0-5C0B5EF027BE}.Debug|Any CPU.Build.0 = Debug|Any CPU
		{CCB553D2-360F-4318-BFE0-5C0B5EF027BE}.Debug|x64.ActiveCfg = Debug|Any CPU
		{CCB553D2-360F-4318-BFE0-5C0B5EF027BE}.Debug|x64.Build.0 = Debug|Any CPU
		{CCB553D2-360F-4318-BFE0-5C0B5EF027BE}.Debug|x86.ActiveCfg = Debug|Any CPU
		{CCB553D2-360F-4318-BFE0-5C0B5EF027BE}.Debug|x86.Build.0 = Debug|Any CPU
		{CCB553D2-360F-4318-BFE0-5C0B5EF027BE}.Debug-Minimal|Any CPU.ActiveCfg = Debug|Any CPU
		{CCB553D2-360F-4318-BFE0-5C0B5EF027BE}.Debug-Minimal|Any CPU.Build.0 = Debug|Any CPU
		{CCB553D2-360F-4318-BFE0-5C0B5EF027BE}.Debug-Minimal|x64.ActiveCfg = Debug|Any CPU
		{CCB553D2-360F-4318-BFE0-5C0B5EF027BE}.Debug-Minimal|x64.Build.0 = Debug|Any CPU
		{CCB553D2-360F-4318-BFE0-5C0B5EF027BE}.Debug-Minimal|x86.ActiveCfg = Debug|Any CPU
		{CCB553D2-360F-4318-BFE0-5C0B5EF027BE}.Debug-Minimal|x86.Build.0 = Debug|Any CPU
		{CCB553D2-360F-4318-BFE0-5C0B5EF027BE}.Publish|Any CPU.ActiveCfg = Debug|Any CPU
		{CCB553D2-360F-4318-BFE0-5C0B5EF027BE}.Publish|Any CPU.Build.0 = Debug|Any CPU
		{CCB553D2-360F-4318-BFE0-5C0B5EF027BE}.Publish|x64.ActiveCfg = Debug|Any CPU
		{CCB553D2-360F-4318-BFE0-5C0B5EF027BE}.Publish|x64.Build.0 = Debug|Any CPU
		{CCB553D2-360F-4318-BFE0-5C0B5EF027BE}.Publish|x86.ActiveCfg = Debug|Any CPU
		{CCB553D2-360F-4318-BFE0-5C0B5EF027BE}.Publish|x86.Build.0 = Debug|Any CPU
		{CCB553D2-360F-4318-BFE0-5C0B5EF027BE}.Release|Any CPU.ActiveCfg = Release|Any CPU
		{CCB553D2-360F-4318-BFE0-5C0B5EF027BE}.Release|Any CPU.Build.0 = Release|Any CPU
		{CCB553D2-360F-4318-BFE0-5C0B5EF027BE}.Release|x64.ActiveCfg = Release|Any CPU
		{CCB553D2-360F-4318-BFE0-5C0B5EF027BE}.Release|x64.Build.0 = Release|Any CPU
		{CCB553D2-360F-4318-BFE0-5C0B5EF027BE}.Release|x86.ActiveCfg = Release|Any CPU
		{CCB553D2-360F-4318-BFE0-5C0B5EF027BE}.Release|x86.Build.0 = Release|Any CPU
	EndGlobalSection
	GlobalSection(SolutionProperties) = preSolution
		HideSolutionNode = FALSE
	EndGlobalSection
	GlobalSection(ExtensibilityGlobals) = postSolution
		SolutionGuid = {AA8E6989-2703-4DE2-A0B8-C884B75EFA9F}
	EndGlobalSection
EndGlobal
