
Microsoft Visual Studio Solution File, Format Version 12.00
# Visual Studio Version 16
VisualStudioVersion = 16.0.29326.143
MinimumVisualStudioVersion = 10.0.40219.1
Project("{6EC3EE1D-3C4E-46DD-8F32-0CC8E7565705}") = "TensorFlowNET.Examples.FSharp", "src\TensorFlowNET.Examples.FSharp\TensorFlowNET.Examples.FSharp.fsproj", "{866CEFC0-69DD-44AC-9E28-DEF60E62E529}"
EndProject
Project("{9A19103F-16F7-4668-BE54-9A1E7A4F7556}") = "TensorFlowNET.Examples", "src\TensorFlowNET.Examples\TensorFlowNET.Examples.csproj", "{3AC62662-7861-4C21-A402-82864F2A8AF7}"
EndProject
Project("{9A19103F-16F7-4668-BE54-9A1E7A4F7556}") = "TensorFlowNET.Benchmark", "src\TensorFlowNet.Benchmarks\TensorFlowNET.Benchmark.csproj", "{7AB8328B-D245-4A1F-A537-C9D3EA4884B3}"
EndProject
Global
	GlobalSection(SolutionConfigurationPlatforms) = preSolution
		Debug|Any CPU = Debug|Any CPU
		Release|Any CPU = Release|Any CPU
	EndGlobalSection
	GlobalSection(ProjectConfigurationPlatforms) = postSolution
		{866CEFC0-69DD-44AC-9E28-DEF60E62E529}.Debug|Any CPU.ActiveCfg = Debug|Any CPU
		{866CEFC0-69DD-44AC-9E28-DEF60E62E529}.Debug|Any CPU.Build.0 = Debug|Any CPU
		{866CEFC0-69DD-44AC-9E28-DEF60E62E529}.Release|Any CPU.ActiveCfg = Release|Any CPU
		{866CEFC0-69DD-44AC-9E28-DEF60E62E529}.Release|Any CPU.Build.0 = Release|Any CPU
		{3AC62662-7861-4C21-A402-82864F2A8AF7}.Debug|Any CPU.ActiveCfg = Debug|Any CPU
		{3AC62662-7861-4C21-A402-82864F2A8AF7}.Debug|Any CPU.Build.0 = Debug|Any CPU
		{3AC62662-7861-4C21-A402-82864F2A8AF7}.Release|Any CPU.ActiveCfg = Release|Any CPU
		{3AC62662-7861-4C21-A402-82864F2A8AF7}.Release|Any CPU.Build.0 = Release|Any CPU
		{7AB8328B-D245-4A1F-A537-C9D3EA4884B3}.Debug|Any CPU.ActiveCfg = Debug|Any CPU
		{7AB8328B-D245-4A1F-A537-C9D3EA4884B3}.Debug|Any CPU.Build.0 = Debug|Any CPU
		{7AB8328B-D245-4A1F-A537-C9D3EA4884B3}.Release|Any CPU.ActiveCfg = Release|Any CPU
		{7AB8328B-D245-4A1F-A537-C9D3EA4884B3}.Release|Any CPU.Build.0 = Release|Any CPU
	EndGlobalSection
	GlobalSection(SolutionProperties) = preSolution
		HideSolutionNode = FALSE
	EndGlobalSection
	GlobalSection(ExtensibilityGlobals) = postSolution
		SolutionGuid = {AA8E6989-2703-4DE2-A0B8-C884B75EFA9F}
	EndGlobalSection
EndGlobal
