
Microsoft Visual Studio Solution File, Format Version 12.00
# Visual Studio Version 16
VisualStudioVersion = 16.0.29326.143
MinimumVisualStudioVersion = 10.0.40219.1
Project("{9A19103F-16F7-4668-BE54-9A1E7A4F7556}") = "TensorFlowNET.Examples", "src\TensorFlowNET.Examples\TensorFlowNET.Examples.csproj", "{3AC62662-7861-4C21-A402-82864F2A8AF7}"
EndProject
Project("{9A19103F-16F7-4668-BE54-9A1E7A4F7556}") = "TensorFlow.Binding", "..\TensorFlow.NET\src\TensorFlowNET.Core\TensorFlow.Binding.csproj", "{688FD0A0-D2A7-4222-8A47-91F4C561FEE8}"
EndProject
Global
	GlobalSection(SolutionConfigurationPlatforms) = preSolution
		Debug|Any CPU = Debug|Any CPU
		Debug|x64 = Debug|x64
		Release|Any CPU = Release|Any CPU
		Release|x64 = Release|x64
	EndGlobalSection
	GlobalSection(ProjectConfigurationPlatforms) = postSolution
		{3AC62662-7861-4C21-A402-82864F2A8AF7}.Debug|Any CPU.ActiveCfg = Debug|Any CPU
		{3AC62662-7861-4C21-A402-82864F2A8AF7}.Debug|Any CPU.Build.0 = Debug|Any CPU
		{3AC62662-7861-4C21-A402-82864F2A8AF7}.Debug|x64.ActiveCfg = Debug|Any CPU
		{3AC62662-7861-4C21-A402-82864F2A8AF7}.Debug|x64.Build.0 = Debug|Any CPU
		{3AC62662-7861-4C21-A402-82864F2A8AF7}.Release|Any CPU.ActiveCfg = Release|Any CPU
		{3AC62662-7861-4C21-A402-82864F2A8AF7}.Release|Any CPU.Build.0 = Release|Any CPU
		{3AC62662-7861-4C21-A402-82864F2A8AF7}.Release|x64.ActiveCfg = Release|Any CPU
		{3AC62662-7861-4C21-A402-82864F2A8AF7}.Release|x64.Build.0 = Release|Any CPU
		{688FD0A0-D2A7-4222-8A47-91F4C561FEE8}.Debug|Any CPU.ActiveCfg = Debug|Any CPU
		{688FD0A0-D2A7-4222-8A47-91F4C561FEE8}.Debug|Any CPU.Build.0 = Debug|Any CPU
		{688FD0A0-D2A7-4222-8A47-91F4C561FEE8}.Debug|x64.ActiveCfg = Debug|Any CPU
		{688FD0A0-D2A7-4222-8A47-91F4C561FEE8}.Debug|x64.Build.0 = Debug|Any CPU
		{688FD0A0-D2A7-4222-8A47-91F4C561FEE8}.Release|Any CPU.ActiveCfg = Release|Any CPU
		{688FD0A0-D2A7-4222-8A47-91F4C561FEE8}.Release|Any CPU.Build.0 = Release|Any CPU
		{688FD0A0-D2A7-4222-8A47-91F4C561FEE8}.Release|x64.ActiveCfg = Release|Any CPU
		{688FD0A0-D2A7-4222-8A47-91F4C561FEE8}.Release|x64.Build.0 = Release|Any CPU
	EndGlobalSection
	GlobalSection(SolutionProperties) = preSolution
		HideSolutionNode = FALSE
	EndGlobalSection
	GlobalSection(ExtensibilityGlobals) = postSolution
		SolutionGuid = {AA8E6989-2703-4DE2-A0B8-C884B75EFA9F}
	EndGlobalSection
EndGlobal
